
Microsoft Visual Studio Solution File, Format Version 11.00
# Visual Studio 2010
Project("{FAE04EC0-301F-11D3-BF4B-00C04F79EFBC}") = "BaseDice", "BaseDice\BaseDice.csproj", "{3EF638CD-8CA4-4478-B277-66D63A4A74A0}"
EndProject
Project("{FAE04EC0-301F-11D3-BF4B-00C04F79EFBC}") = "DiceWeb", "DiceWeb\DiceWeb.csproj", "{4CB29984-3827-47BA-BF72-6142CB33218E}"
EndProject
Project("{FAE04EC0-301F-11D3-BF4B-00C04F79EFBC}") = "NonRazorWeb", "NonRazorWeb\NonRazorWeb.csproj", "{4880E4FC-62A2-4BC2-8ED0-EC97D1412001}"
EndProject
Global
	GlobalSection(SolutionConfigurationPlatforms) = preSolution
		Debug|x86 = Debug|x86
		Release|x86 = Release|x86
	EndGlobalSection
	GlobalSection(ProjectConfigurationPlatforms) = postSolution
		{3EF638CD-8CA4-4478-B277-66D63A4A74A0}.Debug|x86.ActiveCfg = Debug|x86
		{3EF638CD-8CA4-4478-B277-66D63A4A74A0}.Debug|x86.Build.0 = Debug|x86
		{3EF638CD-8CA4-4478-B277-66D63A4A74A0}.Release|x86.ActiveCfg = Release|x86
		{3EF638CD-8CA4-4478-B277-66D63A4A74A0}.Release|x86.Build.0 = Release|x86
		{4880E4FC-62A2-4BC2-8ED0-EC97D1412001}.Debug|x86.ActiveCfg = Debug|Any CPU
		{4880E4FC-62A2-4BC2-8ED0-EC97D1412001}.Debug|x86.Build.0 = Debug|Any CPU
		{4880E4FC-62A2-4BC2-8ED0-EC97D1412001}.Release|x86.ActiveCfg = Release|Any CPU
		{4880E4FC-62A2-4BC2-8ED0-EC97D1412001}.Release|x86.Build.0 = Release|Any CPU
		{4CB29984-3827-47BA-BF72-6142CB33218E}.Debug|x86.ActiveCfg = Debug|Any CPU
		{4CB29984-3827-47BA-BF72-6142CB33218E}.Debug|x86.Build.0 = Debug|Any CPU
		{4CB29984-3827-47BA-BF72-6142CB33218E}.Release|x86.ActiveCfg = Release|Any CPU
		{4CB29984-3827-47BA-BF72-6142CB33218E}.Release|x86.Build.0 = Release|Any CPU
	EndGlobalSection
	GlobalSection(MonoDevelopProperties) = preSolution
		StartupItem = NonRazorWeb\NonRazorWeb.csproj
	EndGlobalSection
EndGlobal
